
Microsoft Visual Studio Solution File, Format Version 11.00
# Visual Studio 2010
Project("{FAE04EC0-301F-11D3-BF4B-00C04F79EFBC}") = "Polyrand", "Assembly-CSharp-firstpass.csproj", "{B130F340-C1D1-CD0C-543D-5FA7D2D9A0A4}"
EndProject
Project("{FAE04EC0-301F-11D3-BF4B-00C04F79EFBC}") = "Polyrand", "Assembly-CSharp-Editor-firstpass.csproj", "{DBFFD04A-E5CC-2DF2-7FF1-4843E695A258}"
EndProject
Global
	GlobalSection(SolutionConfigurationPlatforms) = preSolution
		Debug|Any CPU = Debug|Any CPU
		Release|Any CPU = Release|Any CPU
	EndGlobalSection
	GlobalSection(ProjectConfigurationPlatforms) = postSolution
		{B130F340-C1D1-CD0C-543D-5FA7D2D9A0A4}.Debug|Any CPU.ActiveCfg = Debug|Any CPU
		{B130F340-C1D1-CD0C-543D-5FA7D2D9A0A4}.Debug|Any CPU.Build.0 = Debug|Any CPU
		{B130F340-C1D1-CD0C-543D-5FA7D2D9A0A4}.Release|Any CPU.ActiveCfg = Release|Any CPU
		{B130F340-C1D1-CD0C-543D-5FA7D2D9A0A4}.Release|Any CPU.Build.0 = Release|Any CPU
		{DBFFD04A-E5CC-2DF2-7FF1-4843E695A258}.Debug|Any CPU.ActiveCfg = Debug|Any CPU
		{DBFFD04A-E5CC-2DF2-7FF1-4843E695A258}.Debug|Any CPU.Build.0 = Debug|Any CPU
		{DBFFD04A-E5CC-2DF2-7FF1-4843E695A258}.Release|Any CPU.ActiveCfg = Release|Any CPU
		{DBFFD04A-E5CC-2DF2-7FF1-4843E695A258}.Release|Any CPU.Build.0 = Release|Any CPU
	EndGlobalSection
	GlobalSection(SolutionProperties) = preSolution
		HideSolutionNode = FALSE
	EndGlobalSection
	GlobalSection(MonoDevelopProperties) = preSolution
		StartupItem = Assembly-CSharp.csproj
	EndGlobalSection
EndGlobal
